
Microsoft Visual Studio Solution File, Format Version 12.00
# Visual Studio Version 16
VisualStudioVersion = 16.0.32602.291
MinimumVisualStudioVersion = 10.0.40219.1
Project("{8BC9CEB8-8B4A-11D0-8D11-00A0C91BC942}") = "GENJAZ", "GENJAZ.vcxproj", "{D283498E-594F-4356-9A3E-AA29E3DB62FD}"
EndProject
Global
	GlobalSection(SolutionConfigurationPlatforms) = preSolution
		Debug|x64 = Debug|x64
		Debug|x86 = Debug|x86
		Release|x64 = Release|x64
		Release|x86 = Release|x86
	EndGlobalSection
	GlobalSection(ProjectConfigurationPlatforms) = postSolution
		{D283498E-594F-4356-9A3E-AA29E3DB62FD}.Debug|x64.ActiveCfg = Debug|x64
		{D283498E-594F-4356-9A3E-AA29E3DB62FD}.Debug|x64.Build.0 = Debug|x64
		{D283498E-594F-4356-9A3E-AA29E3DB62FD}.Debug|x86.ActiveCfg = Debug|Win32
		{D283498E-594F-4356-9A3E-AA29E3DB62FD}.Debug|x86.Build.0 = Debug|Win32
		{D283498E-594F-4356-9A3E-AA29E3DB62FD}.Release|x64.ActiveCfg = Release|x64
		{D283498E-594F-4356-9A3E-AA29E3DB62FD}.Release|x64.Build.0 = Release|x64
		{D283498E-594F-4356-9A3E-AA29E3DB62FD}.Release|x86.ActiveCfg = Release|Win32
		{D283498E-594F-4356-9A3E-AA29E3DB62FD}.Release|x86.Build.0 = Release|Win32
	EndGlobalSection
	GlobalSection(SolutionProperties) = preSolution
		HideSolutionNode = FALSE
	EndGlobalSection
	GlobalSection(ExtensibilityGlobals) = postSolution
		SolutionGuid = {C59D7085-B3F5-4605-A9C3-A5244159FCCA}
	EndGlobalSection
EndGlobal
